
Microsoft Visual Studio Solution File, Format Version 12.00
# Visual Studio Version 16
VisualStudioVersion = 16.0.29025.244
MinimumVisualStudioVersion = 10.0.40219.1
Project("{FAE04EC0-301F-11D3-BF4B-00C04F79EFBC}") = "RobloxAutomatization", "src\RobloxAutomatization\RobloxAutomatization.csproj", "{4582D036-B759-45EE-8815-5E540046068C}"
EndProject
Global
	GlobalSection(SolutionConfigurationPlatforms) = preSolution
		Debug|Any CPU = Debug|Any CPU
		Release|Any CPU = Release|Any CPU
	EndGlobalSection
	GlobalSection(ProjectConfigurationPlatforms) = postSolution
		{4582D036-B759-45EE-8815-5E540046068C}.Debug|Any CPU.ActiveCfg = Debug|Any CPU
		{4582D036-B759-45EE-8815-5E540046068C}.Debug|Any CPU.Build.0 = Debug|Any CPU
		{4582D036-B759-45EE-8815-5E540046068C}.Release|Any CPU.ActiveCfg = Release|Any CPU
		{4582D036-B759-45EE-8815-5E540046068C}.Release|Any CPU.Build.0 = Release|Any CPU
	EndGlobalSection
	GlobalSection(SolutionProperties) = preSolution
		HideSolutionNode = FALSE
	EndGlobalSection
	GlobalSection(ExtensibilityGlobals) = postSolution
		SolutionGuid = {3281116A-56B1-4105-B019-07ED72F82A05}
	EndGlobalSection
EndGlobal
